// !$*UTF8*$!
{
	archiveVersion = 1;
	classes = {
	};
	objectVersion = 46;
	objects = {

/* Begin PBXBuildFile section */
		8260D76C19D95F0700495541 /* AppDelegate.swift in Sources */ = {isa = PBXBuildFile; fileRef = 8260D76B19D95F0700495541 /* AppDelegate.swift */; };
		8260D76E19D95F0700495541 /* ViewController.swift in Sources */ = {isa = PBXBuildFile; fileRef = 8260D76D19D95F0700495541 /* ViewController.swift */; };
		8260D77319D95F0700495541 /* Images.xcassets in Resources */ = {isa = PBXBuildFile; fileRef = 8260D77219D95F0700495541 /* Images.xcassets */; };
		8260D77619D95F0700495541 /* LaunchScreen.xib in Resources */ = {isa = PBXBuildFile; fileRef = 8260D77419D95F0700495541 /* LaunchScreen.xib */; };
		8260D78219D95F0700495541 /* UsingObjCInSwiftTests.swift in Sources */ = {isa = PBXBuildFile; fileRef = 8260D78119D95F0700495541 /* UsingObjCInSwiftTests.swift */; };
		8260D79519D960EC00495541 /* AESCrypt.m in Sources */ = {isa = PBXBuildFile; fileRef = 8260D78E19D960EC00495541 /* AESCrypt.m */; };
		8260D79619D960EC00495541 /* NSData+Base64.m in Sources */ = {isa = PBXBuildFile; fileRef = 8260D79019D960EC00495541 /* NSData+Base64.m */; };
		8260D79719D960EC00495541 /* NSString+Base64.m in Sources */ = {isa = PBXBuildFile; fileRef = 8260D79219D960EC00495541 /* NSString+Base64.m */; };
		8260D79819D960EC00495541 /* NSData+CommonCrypto.m in Sources */ = {isa = PBXBuildFile; fileRef = 8260D79319D960EC00495541 /* NSData+CommonCrypto.m */; };
		8260D79A19D9653D00495541 /* View.xib in Resources */ = {isa = PBXBuildFile; fileRef = 8260D79919D9653D00495541 /* View.xib */; };
/* End PBXBuildFile section */

/* Begin PBXContainerItemProxy section */
		8260D77C19D95F0700495541 /* PBXContainerItemProxy */ = {
			isa = PBXContainerItemProxy;
			containerPortal = 8260D75E19D95F0700495541 /* Project object */;
			proxyType = 1;
			remoteGlobalIDString = 8260D76519D95F0700495541;
			remoteInfo = UsingObjCInSwift;
		};
/* End PBXContainerItemProxy section */

/* Begin PBXFileReference section */
		8260D76619D95F0700495541 /* UsingObjCInSwift.app */ = {isa = PBXFileReference; explicitFileType = wrapper.application; includeInIndex = 0; path = UsingObjCInSwift.app; sourceTree = BUILT_PRODUCTS_DIR; };
		8260D76A19D95F0700495541 /* Info.plist */ = {isa = PBXFileReference; lastKnownFileType = text.plist.xml; path = Info.plist; sourceTree = "<group>"; };
		8260D76B19D95F0700495541 /* AppDelegate.swift */ = {isa = PBXFileReference; lastKnownFileType = sourcecode.swift; path = AppDelegate.swift; sourceTree = "<group>"; };
		8260D76D19D95F0700495541 /* ViewController.swift */ = {isa = PBXFileReference; lastKnownFileType = sourcecode.swift; path = ViewController.swift; sourceTree = "<group>"; };
		8260D77219D95F0700495541 /* Images.xcassets */ = {isa = PBXFileReference; lastKnownFileType = folder.assetcatalog; path = Images.xcassets; sourceTree = "<group>"; };
		8260D77519D95F0700495541 /* Base */ = {isa = PBXFileReference; lastKnownFileType = file.xib; name = Base; path = Base.lproj/LaunchScreen.xib; sourceTree = "<group>"; };
		8260D77B19D95F0700495541 /* UsingObjCInSwiftTests.xctest */ = {isa = PBXFileReference; explicitFileType = wrapper.cfbundle; includeInIndex = 0; path = UsingObjCInSwiftTests.xctest; sourceTree = BUILT_PRODUCTS_DIR; };
		8260D78019D95F0700495541 /* Info.plist */ = {isa = PBXFileReference; lastKnownFileType = text.plist.xml; path = Info.plist; sourceTree = "<group>"; };
		8260D78119D95F0700495541 /* UsingObjCInSwiftTests.swift */ = {isa = PBXFileReference; lastKnownFileType = sourcecode.swift; path = UsingObjCInSwiftTests.swift; sourceTree = "<group>"; };
		8260D78C19D960EB00495541 /* UsingObjCInSwift-Bridging-Header.h */ = {isa = PBXFileReference; lastKnownFileType = sourcecode.c.h; path = "UsingObjCInSwift-Bridging-Header.h"; sourceTree = "<group>"; };
		8260D78D19D960EC00495541 /* AESCrypt.h */ = {isa = PBXFileReference; fileEncoding = 4; lastKnownFileType = sourcecode.c.h; path = AESCrypt.h; sourceTree = "<group>"; };
		8260D78E19D960EC00495541 /* AESCrypt.m */ = {isa = PBXFileReference; fileEncoding = 4; lastKnownFileType = sourcecode.c.objc; path = AESCrypt.m; sourceTree = "<group>"; };
		8260D78F19D960EC00495541 /* NSData+Base64.h */ = {isa = PBXFileReference; fileEncoding = 4; lastKnownFileType = sourcecode.c.h; path = "NSData+Base64.h"; sourceTree = "<group>"; };
		8260D79019D960EC00495541 /* NSData+Base64.m */ = {isa = PBXFileReference; fileEncoding = 4; lastKnownFileType = sourcecode.c.objc; path = "NSData+Base64.m"; sourceTree = "<group>"; };
		8260D79119D960EC00495541 /* NSString+Base64.h */ = {isa = PBXFileReference; fileEncoding = 4; lastKnownFileType = sourcecode.c.h; path = "NSString+Base64.h"; sourceTree = "<group>"; };
		8260D79219D960EC00495541 /* NSString+Base64.m */ = {isa = PBXFileReference; fileEncoding = 4; lastKnownFileType = sourcecode.c.objc; path = "NSString+Base64.m"; sourceTree = "<group>"; };
		8260D79319D960EC00495541 /* NSData+CommonCrypto.m */ = {isa = PBXFileReference; fileEncoding = 4; lastKnownFileType = sourcecode.c.objc; path = "NSData+CommonCrypto.m"; sourceTree = "<group>"; };
		8260D79419D960EC00495541 /* NSData+CommonCrypto.h */ = {isa = PBXFileReference; fileEncoding = 4; lastKnownFileType = sourcecode.c.h; path = "NSData+CommonCrypto.h"; sourceTree = "<group>"; };
		8260D79919D9653D00495541 /* View.xib */ = {isa = PBXFileReference; fileEncoding = 4; lastKnownFileType = file.xib; path = View.xib; sourceTree = "<group>"; };
/* End PBXFileReference section */

/* Begin PBXFrameworksBuildPhase section */
		8260D76319D95F0700495541 /* Frameworks */ = {
			isa = PBXFrameworksBuildPhase;
			buildActionMask = 2147483647;
			files = (
			);
			runOnlyForDeploymentPostprocessing = 0;
		};
		8260D77819D95F0700495541 /* Frameworks */ = {
			isa = PBXFrameworksBuildPhase;
			buildActionMask = 2147483647;
			files = (
			);
			runOnlyForDeploymentPostprocessing = 0;
		};
/* End PBXFrameworksBuildPhase section */

/* Begin PBXGroup section */
		8260D75D19D95F0700495541 = {
			isa = PBXGroup;
			children = (
				8260D76819D95F0700495541 /* UsingObjCInSwift */,
				8260D77E19D95F0700495541 /* UsingObjCInSwiftTests */,
				8260D76719D95F0700495541 /* Products */,
			);
			sourceTree = "<group>";
		};
		8260D76719D95F0700495541 /* Products */ = {
			isa = PBXGroup;
			children = (
				8260D76619D95F0700495541 /* UsingObjCInSwift.app */,
				8260D77B19D95F0700495541 /* UsingObjCInSwiftTests.xctest */,
			);
			name = Products;
			sourceTree = "<group>";
		};
		8260D76819D95F0700495541 /* UsingObjCInSwift */ = {
			isa = PBXGroup;
			children = (
				8260D78B19D95F0E00495541 /* ObjectiveC Library */,
				8260D79B19D9654000495541 /* Controller */,
				8260D76B19D95F0700495541 /* AppDelegate.swift */,
				8260D77219D95F0700495541 /* Images.xcassets */,
				8260D77419D95F0700495541 /* LaunchScreen.xib */,
				8260D76919D95F0700495541 /* Supporting Files */,
			);
			path = UsingObjCInSwift;
			sourceTree = "<group>";
		};
		8260D76919D95F0700495541 /* Supporting Files */ = {
			isa = PBXGroup;
			children = (
				8260D76A19D95F0700495541 /* Info.plist */,
			);
			name = "Supporting Files";
			sourceTree = "<group>";
		};
		8260D77E19D95F0700495541 /* UsingObjCInSwiftTests */ = {
			isa = PBXGroup;
			children = (
				8260D78119D95F0700495541 /* UsingObjCInSwiftTests.swift */,
				8260D77F19D95F0700495541 /* Supporting Files */,
			);
			path = UsingObjCInSwiftTests;
			sourceTree = "<group>";
		};
		8260D77F19D95F0700495541 /* Supporting Files */ = {
			isa = PBXGroup;
			children = (
				8260D78019D95F0700495541 /* Info.plist */,
			);
			name = "Supporting Files";
			sourceTree = "<group>";
		};
		8260D78B19D95F0E00495541 /* ObjectiveC Library */ = {
			isa = PBXGroup;
			children = (
				8260D78D19D960EC00495541 /* AESCrypt.h */,
				8260D78E19D960EC00495541 /* AESCrypt.m */,
				8260D78F19D960EC00495541 /* NSData+Base64.h */,
				8260D79019D960EC00495541 /* NSData+Base64.m */,
				8260D79119D960EC00495541 /* NSString+Base64.h */,
				8260D79219D960EC00495541 /* NSString+Base64.m */,
				8260D79319D960EC00495541 /* NSData+CommonCrypto.m */,
				8260D79419D960EC00495541 /* NSData+CommonCrypto.h */,
				8260D78C19D960EB00495541 /* UsingObjCInSwift-Bridging-Header.h */,
			);
			name = "ObjectiveC Library";
			sourceTree = "<group>";
		};
		8260D79B19D9654000495541 /* Controller */ = {
			isa = PBXGroup;
			children = (
				8260D76D19D95F0700495541 /* ViewController.swift */,
				8260D79919D9653D00495541 /* View.xib */,
			);
			name = Controller;
			sourceTree = "<group>";
		};
/* End PBXGroup section */

/* Begin PBXNativeTarget section */
		8260D76519D95F0700495541 /* UsingObjCInSwift */ = {
			isa = PBXNativeTarget;
			buildConfigurationList = 8260D78519D95F0700495541 /* Build configuration list for PBXNativeTarget "UsingObjCInSwift" */;
			buildPhases = (
				8260D76219D95F0700495541 /* Sources */,
				8260D76319D95F0700495541 /* Frameworks */,
				8260D76419D95F0700495541 /* Resources */,
			);
			buildRules = (
			);
			dependencies = (
			);
			name = UsingObjCInSwift;
			productName = UsingObjCInSwift;
			productReference = 8260D76619D95F0700495541 /* UsingObjCInSwift.app */;
			productType = "com.apple.product-type.application";
		};
		8260D77A19D95F0700495541 /* UsingObjCInSwiftTests */ = {
			isa = PBXNativeTarget;
			buildConfigurationList = 8260D78819D95F0700495541 /* Build configuration list for PBXNativeTarget "UsingObjCInSwiftTests" */;
			buildPhases = (
				8260D77719D95F0700495541 /* Sources */,
				8260D77819D95F0700495541 /* Frameworks */,
				8260D77919D95F0700495541 /* Resources */,
			);
			buildRules = (
			);
			dependencies = (
				8260D77D19D95F0700495541 /* PBXTargetDependency */,
			);
			name = UsingObjCInSwiftTests;
			productName = UsingObjCInSwiftTests;
			productReference = 8260D77B19D95F0700495541 /* UsingObjCInSwiftTests.xctest */;
			productType = "com.apple.product-type.bundle.unit-test";
		};
/* End PBXNativeTarget section */

/* Begin PBXProject section */
		8260D75E19D95F0700495541 /* Project object */ = {
			isa = PBXProject;
			attributes = {
				LastUpgradeCheck = 0600;
				ORGANIZATIONNAME = brightec;
				TargetAttributes = {
					8260D76519D95F0700495541 = {
						CreatedOnToolsVersion = 6.0;
					};
					8260D77A19D95F0700495541 = {
						CreatedOnToolsVersion = 6.0;
						TestTargetID = 8260D76519D95F0700495541;
					};
				};
			};
			buildConfigurationList = 8260D76119D95F0700495541 /* Build configuration list for PBXProject "UsingObjCInSwift" */;
			compatibilityVersion = "Xcode 3.2";
			developmentRegion = English;
			hasScannedForEncodings = 0;
			knownRegions = (
				en,
				Base,
			);
			mainGroup = 8260D75D19D95F0700495541;
			productRefGroup = 8260D76719D95F0700495541 /* Products */;
			projectDirPath = "";
			projectRoot = "";
			targets = (
				8260D76519D95F0700495541 /* UsingObjCInSwift */,
				8260D77A19D95F0700495541 /* UsingObjCInSwiftTests */,
			);
		};
/* End PBXProject section */

/* Begin PBXResourcesBuildPhase section */
		8260D76419D95F0700495541 /* Resources */ = {
			isa = PBXResourcesBuildPhase;
			buildActionMask = 2147483647;
			files = (
				8260D77619D95F0700495541 /* LaunchScreen.xib in Resources */,
				8260D79A19D9653D00495541 /* View.xib in Resources */,
				8260D77319D95F0700495541 /* Images.xcassets in Resources */,
			);
			runOnlyForDeploymentPostprocessing = 0;
		};
		8260D77919D95F0700495541 /* Resources */ = {
			isa = PBXResourcesBuildPhase;
			buildActionMask = 2147483647;
			files = (
			);
			runOnlyForDeploymentPostprocessing = 0;
		};
/* End PBXResourcesBuildPhase section */

/* Begin PBXSourcesBuildPhase section */
		8260D76219D95F0700495541 /* Sources */ = {
			isa = PBXSourcesBuildPhase;
			buildActionMask = 2147483647;
			files = (
				8260D76E19D95F0700495541 /* ViewController.swift in Sources */,
				8260D79619D960EC00495541 /* NSData+Base64.m in Sources */,
				8260D79819D960EC00495541 /* NSData+CommonCrypto.m in Sources */,
				8260D79519D960EC00495541 /* AESCrypt.m in Sources */,
				8260D76C19D95F0700495541 /* AppDelegate.swift in Sources */,
				8260D79719D960EC00495541 /* NSString+Base64.m in Sources */,
			);
			runOnlyForDeploymentPostprocessing = 0;
		};
		8260D77719D95F0700495541 /* Sources */ = {
			isa = PBXSourcesBuildPhase;
			buildActionMask = 2147483647;
			files = (
				8260D78219D95F0700495541 /* UsingObjCInSwiftTests.swift in Sources */,
			);
			runOnlyForDeploymentPostprocessing = 0;
		};
/* End PBXSourcesBuildPhase section */

/* Begin PBXTargetDependency section */
		8260D77D19D95F0700495541 /* PBXTargetDependency */ = {
			isa = PBXTargetDependency;
			target = 8260D76519D95F0700495541 /* UsingObjCInSwift */;
			targetProxy = 8260D77C19D95F0700495541 /* PBXContainerItemProxy */;
		};
/* End PBXTargetDependency section */

/* Begin PBXVariantGroup section */
		8260D77419D95F0700495541 /* LaunchScreen.xib */ = {
			isa = PBXVariantGroup;
			children = (
				8260D77519D95F0700495541 /* Base */,
			);
			name = LaunchScreen.xib;
			sourceTree = "<group>";
		};
/* End PBXVariantGroup section */

/* Begin XCBuildConfiguration section */
		8260D78319D95F0700495541 /* Debug */ = {
			isa = XCBuildConfiguration;
			buildSettings = {
				ALWAYS_SEARCH_USER_PATHS = NO;
				CLANG_CXX_LANGUAGE_STANDARD = "gnu++0x";
				CLANG_CXX_LIBRARY = "libc++";
				CLANG_ENABLE_MODULES = YES;
				CLANG_ENABLE_OBJC_ARC = YES;
				CLANG_WARN_BOOL_CONVERSION = YES;
				CLANG_WARN_CONSTANT_CONVERSION = YES;
				CLANG_WARN_DIRECT_OBJC_ISA_USAGE = YES_ERROR;
				CLANG_WARN_EMPTY_BODY = YES;
				CLANG_WARN_ENUM_CONVERSION = YES;
				CLANG_WARN_INT_CONVERSION = YES;
				CLANG_WARN_OBJC_ROOT_CLASS = YES_ERROR;
				CLANG_WARN_UNREACHABLE_CODE = YES;
				CLANG_WARN__DUPLICATE_METHOD_MATCH = YES;
				"CODE_SIGN_IDENTITY[sdk=iphoneos*]" = "iPhone Developer";
				COPY_PHASE_STRIP = NO;
				ENABLE_STRICT_OBJC_MSGSEND = YES;
				GCC_C_LANGUAGE_STANDARD = gnu99;
				GCC_DYNAMIC_NO_PIC = NO;
				GCC_OPTIMIZATION_LEVEL = 0;
				GCC_PREPROCESSOR_DEFINITIONS = (
					"DEBUG=1",
					"$(inherited)",
				);
				GCC_SYMBOLS_PRIVATE_EXTERN = NO;
				GCC_WARN_64_TO_32_BIT_CONVERSION = YES;
				GCC_WARN_ABOUT_RETURN_TYPE = YES_ERROR;
				GCC_WARN_UNDECLARED_SELECTOR = YES;
				GCC_WARN_UNINITIALIZED_AUTOS = YES_AGGRESSIVE;
				GCC_WARN_UNUSED_FUNCTION = YES;
				GCC_WARN_UNUSED_VARIABLE = YES;
				IPHONEOS_DEPLOYMENT_TARGET = 8.0;
				MTL_ENABLE_DEBUG_INFO = YES;
				ONLY_ACTIVE_ARCH = YES;
				SDKROOT = iphoneos;
				SWIFT_OPTIMIZATION_LEVEL = "-Onone";
				TARGETED_DEVICE_FAMILY = "1,2";
			};
			name = Debug;
		};
		8260D78419D95F0700495541 /* Release */ = {
			isa = XCBuildConfiguration;
			buildSettings = {
				ALWAYS_SEARCH_USER_PATHS = NO;
				CLANG_CXX_LANGUAGE_STANDARD = "gnu++0x";
				CLANG_CXX_LIBRARY = "libc++";
				CLANG_ENABLE_MODULES = YES;
				CLANG_ENABLE_OBJC_ARC = YES;
				CLANG_WARN_BOOL_CONVERSION = YES;
				CLANG_WARN_CONSTANT_CONVERSION = YES;
				CLANG_WARN_DIRECT_OBJC_ISA_USAGE = YES_ERROR;
				CLANG_WARN_EMPTY_BODY = YES;
				CLANG_WARN_ENUM_CONVERSION = YES;
				CLANG_WARN_INT_CONVERSION = YES;
				CLANG_WARN_OBJC_ROOT_CLASS = YES_ERROR;
				CLANG_WARN_UNREACHABLE_CODE = YES;
				CLANG_WARN__DUPLICATE_METHOD_MATCH = YES;
				"CODE_SIGN_IDENTITY[sdk=iphoneos*]" = "iPhone Developer";
				COPY_PHASE_STRIP = YES;
				ENABLE_NS_ASSERTIONS = NO;
				ENABLE_STRICT_OBJC_MSGSEND = YES;
				GCC_C_LANGUAGE_STANDARD = gnu99;
				GCC_WARN_64_TO_32_BIT_CONVERSION = YES;
				GCC_WARN_ABOUT_RETURN_TYPE = YES_ERROR;
				GCC_WARN_UNDECLARED_SELECTOR = YES;
				GCC_WARN_UNINITIALIZED_AUTOS = YES_AGGRESSIVE;
				GCC_WARN_UNUSED_FUNCTION = YES;
				GCC_WARN_UNUSED_VARIABLE = YES;
				IPHONEOS_DEPLOYMENT_TARGET = 8.0;
				MTL_ENABLE_DEBUG_INFO = NO;
				SDKROOT = iphoneos;
				TARGETED_DEVICE_FAMILY = "1,2";
				VALIDATE_PRODUCT = YES;
			};
			name = Release;
		};
		8260D78619D95F0700495541 /* Debug */ = {
			isa = XCBuildConfiguration;
			buildSettings = {
				ASSETCATALOG_COMPILER_APPICON_NAME = AppIcon;
				CLANG_ENABLE_MODULES = YES;
				INFOPLIST_FILE = UsingObjCInSwift/Info.plist;
				LD_RUNPATH_SEARCH_PATHS = "$(inherited) @executable_path/Frameworks";
				PRODUCT_NAME = "$(TARGET_NAME)";
				SWIFT_OBJC_BRIDGING_HEADER = "UsingObjCInSwift/UsingObjCInSwift-Bridging-Header.h";
				SWIFT_OPTIMIZATION_LEVEL = "-Onone";
			};
			name = Debug;
		};
		8260D78719D95F0700495541 /* Release */ = {
			isa = XCBuildConfiguration;
			buildSettings = {
				ASSETCATALOG_COMPILER_APPICON_NAME = AppIcon;
				CLANG_ENABLE_MODULES = YES;
				INFOPLIST_FILE = UsingObjCInSwift/Info.plist;
				LD_RUNPATH_SEARCH_PATHS = "$(inherited) @executable_path/Frameworks";
				PRODUCT_NAME = "$(TARGET_NAME)";
				SWIFT_OBJC_BRIDGING_HEADER = "UsingObjCInSwift/UsingObjCInSwift-Bridging-Header.h";
			};
			name = Release;
		};
		8260D78919D95F0700495541 /* Debug */ = {
			isa = XCBuildConfiguration;
			buildSettings = {
				BUNDLE_LOADER = "$(TEST_HOST)";
				FRAMEWORK_SEARCH_PATHS = (
					"$(SDKROOT)/Developer/Library/Frameworks",
					"$(inherited)",
				);
				GCC_PREPROCESSOR_DEFINITIONS = (
					"DEBUG=1",
					"$(inherited)",
				);
				INFOPLIST_FILE = UsingObjCInSwiftTests/Info.plist;
				LD_RUNPATH_SEARCH_PATHS = "$(inherited) @executable_path/Frameworks @loader_path/Frameworks";
				PRODUCT_NAME = "$(TARGET_NAME)";
				TEST_HOST = "$(BUILT_PRODUCTS_DIR)/UsingObjCInSwift.app/UsingObjCInSwift";
			};
			name = Debug;
		};
		8260D78A19D95F0700495541 /* Release */ = {
			isa = XCBuildConfiguration;
			buildSettings = {
				BUNDLE_LOADER = "$(TEST_HOST)";
				FRAMEWORK_SEARCH_PATHS = (
					"$(SDKROOT)/Developer/Library/Frameworks",
					"$(inherited)",
				);
				INFOPLIST_FILE = UsingObjCInSwiftTests/Info.plist;
				LD_RUNPATH_SEARCH_PATHS = "$(inherited) @executable_path/Frameworks @loader_path/Frameworks";
				PRODUCT_NAME = "$(TARGET_NAME)";
				TEST_HOST = "$(BUILT_PRODUCTS_DIR)/UsingObjCInSwift.app/UsingObjCInSwift";
			};
			name = Release;
		};
/* End XCBuildConfiguration section */

/* Begin XCConfigurationList section */
		8260D76119D95F0700495541 /* Build configuration list for PBXProject "UsingObjCInSwift" */ = {
			isa = XCConfigurationList;
			buildConfigurations = (
				8260D78319D95F0700495541 /* Debug */,
				8260D78419D95F0700495541 /* Release */,
			);
			defaultConfigurationIsVisible = 0;
			defaultConfigurationName = Release;
		};
		8260D78519D95F0700495541 /* Build configuration list for PBXNativeTarget "UsingObjCInSwift" */ = {
			isa = XCConfigurationList;
			buildConfigurations = (
				8260D78619D95F0700495541 /* Debug */,
				8260D78719D95F0700495541 /* Release */,
			);
			defaultConfigurationIsVisible = 0;
		};
		8260D78819D95F0700495541 /* Build configuration list for PBXNativeTarget "UsingObjCInSwiftTests" */ = {
			isa = XCConfigurationList;
			buildConfigurations = (
				8260D78919D95F0700495541 /* Debug */,
				8260D78A19D95F0700495541 /* Release */,
			);
			defaultConfigurationIsVisible = 0;
		};
/* End XCConfigurationList section */
	};
	rootObject = 8260D75E19D95F0700495541 /* Project object */;
}
